// !$*UTF8*$!
{
	archiveVersion = 1;
	classes = {
	};
	objectVersion = 56;
	objects = {

/* Begin PBXBuildFile section */
		A3DEAEBF2B63F06D0099BD32 /* metal_04_swiftuiApp.swift in Sources */ = {isa = PBXBuildFile; fileRef = A3DEAEBE2B63F06D0099BD32 /* metal_04_swiftuiApp.swift */; };
		A3DEAEC12B63F06D0099BD32 /* ContentView.swift in Sources */ = {isa = PBXBuildFile; fileRef = A3DEAEC02B63F06D0099BD32 /* ContentView.swift */; };
		A3DEAEC32B63F06D0099BD32 /* Assets.xcassets in Resources */ = {isa = PBXBuildFile; fileRef = A3DEAEC22B63F06D0099BD32 /* Assets.xcassets */; };
		A3DEAEC72B63F06D0099BD32 /* Preview Assets.xcassets in Resources */ = {isa = PBXBuildFile; fileRef = A3DEAEC62B63F06D0099BD32 /* Preview Assets.xcassets */; };
		A3DEAED12B63F06E0099BD32 /* metal_04_swiftuiTests.swift in Sources */ = {isa = PBXBuildFile; fileRef = A3DEAED02B63F06E0099BD32 /* metal_04_swiftuiTests.swift */; };
		A3DEAEDB2B63F06E0099BD32 /* metal_04_swiftuiUITests.swift in Sources */ = {isa = PBXBuildFile; fileRef = A3DEAEDA2B63F06E0099BD32 /* metal_04_swiftuiUITests.swift */; };
		A3DEAEDD2B63F06E0099BD32 /* metal_04_swiftuiUITestsLaunchTests.swift in Sources */ = {isa = PBXBuildFile; fileRef = A3DEAEDC2B63F06E0099BD32 /* metal_04_swiftuiUITestsLaunchTests.swift */; };
		A3DEAEF42B6506D20099BD32 /* MetalView.swift in Sources */ = {isa = PBXBuildFile; fileRef = A3DEAEF32B6506D20099BD32 /* MetalView.swift */; };
		A3DEAEF62B6509DD0099BD32 /* MetalRenderer.swift in Sources */ = {isa = PBXBuildFile; fileRef = A3DEAEF52B6509DD0099BD32 /* MetalRenderer.swift */; };
		A3DEAEF82B650E480099BD32 /* Vertex.swift in Sources */ = {isa = PBXBuildFile; fileRef = A3DEAEF72B650E480099BD32 /* Vertex.swift */; };
		A3DEAEFC2B6511EF0099BD32 /* Shaders.metal in Sources */ = {isa = PBXBuildFile; fileRef = A3DEAEFB2B6511EF0099BD32 /* Shaders.metal */; };
/* End PBXBuildFile section */

/* Begin PBXContainerItemProxy section */
		A3DEAECD2B63F06E0099BD32 /* PBXContainerItemProxy */ = {
			isa = PBXContainerItemProxy;
			containerPortal = A3DEAEB32B63F06D0099BD32 /* Project object */;
			proxyType = 1;
			remoteGlobalIDString = A3DEAEBA2B63F06D0099BD32;
			remoteInfo = "metal-04-swiftui";
		};
		A3DEAED72B63F06E0099BD32 /* PBXContainerItemProxy */ = {
			isa = PBXContainerItemProxy;
			containerPortal = A3DEAEB32B63F06D0099BD32 /* Project object */;
			proxyType = 1;
			remoteGlobalIDString = A3DEAEBA2B63F06D0099BD32;
			remoteInfo = "metal-04-swiftui";
		};
/* End PBXContainerItemProxy section */

/* Begin PBXFileReference section */
		A3DEAEBB2B63F06D0099BD32 /* metal-04-swiftui.app */ = {isa = PBXFileReference; explicitFileType = wrapper.application; includeInIndex = 0; path = "metal-04-swiftui.app"; sourceTree = BUILT_PRODUCTS_DIR; };
		A3DEAEBE2B63F06D0099BD32 /* metal_04_swiftuiApp.swift */ = {isa = PBXFileReference; lastKnownFileType = sourcecode.swift; path = metal_04_swiftuiApp.swift; sourceTree = "<group>"; };
		A3DEAEC02B63F06D0099BD32 /* ContentView.swift */ = {isa = PBXFileReference; lastKnownFileType = sourcecode.swift; path = ContentView.swift; sourceTree = "<group>"; };
		A3DEAEC22B63F06D0099BD32 /* Assets.xcassets */ = {isa = PBXFileReference; lastKnownFileType = folder.assetcatalog; path = Assets.xcassets; sourceTree = "<group>"; };
		A3DEAEC42B63F06D0099BD32 /* metal_04_swiftui.entitlements */ = {isa = PBXFileReference; lastKnownFileType = text.plist.entitlements; path = metal_04_swiftui.entitlements; sourceTree = "<group>"; };
		A3DEAEC62B63F06D0099BD32 /* Preview Assets.xcassets */ = {isa = PBXFileReference; lastKnownFileType = folder.assetcatalog; path = "Preview Assets.xcassets"; sourceTree = "<group>"; };
		A3DEAECC2B63F06E0099BD32 /* metal-04-swiftuiTests.xctest */ = {isa = PBXFileReference; explicitFileType = wrapper.cfbundle; includeInIndex = 0; path = "metal-04-swiftuiTests.xctest"; sourceTree = BUILT_PRODUCTS_DIR; };
		A3DEAED02B63F06E0099BD32 /* metal_04_swiftuiTests.swift */ = {isa = PBXFileReference; lastKnownFileType = sourcecode.swift; path = metal_04_swiftuiTests.swift; sourceTree = "<group>"; };
		A3DEAED62B63F06E0099BD32 /* metal-04-swiftuiUITests.xctest */ = {isa = PBXFileReference; explicitFileType = wrapper.cfbundle; includeInIndex = 0; path = "metal-04-swiftuiUITests.xctest"; sourceTree = BUILT_PRODUCTS_DIR; };
		A3DEAEDA2B63F06E0099BD32 /* metal_04_swiftuiUITests.swift */ = {isa = PBXFileReference; lastKnownFileType = sourcecode.swift; path = metal_04_swiftuiUITests.swift; sourceTree = "<group>"; };
		A3DEAEDC2B63F06E0099BD32 /* metal_04_swiftuiUITestsLaunchTests.swift */ = {isa = PBXFileReference; lastKnownFileType = sourcecode.swift; path = metal_04_swiftuiUITestsLaunchTests.swift; sourceTree = "<group>"; };
		A3DEAEF32B6506D20099BD32 /* MetalView.swift */ = {isa = PBXFileReference; lastKnownFileType = sourcecode.swift; path = MetalView.swift; sourceTree = "<group>"; };
		A3DEAEF52B6509DD0099BD32 /* MetalRenderer.swift */ = {isa = PBXFileReference; lastKnownFileType = sourcecode.swift; path = MetalRenderer.swift; sourceTree = "<group>"; };
		A3DEAEF72B650E480099BD32 /* Vertex.swift */ = {isa = PBXFileReference; lastKnownFileType = sourcecode.swift; path = Vertex.swift; sourceTree = "<group>"; };
		A3DEAEFB2B6511EF0099BD32 /* Shaders.metal */ = {isa = PBXFileReference; lastKnownFileType = sourcecode.metal; path = Shaders.metal; sourceTree = "<group>"; };
/* End PBXFileReference section */

/* Begin PBXFrameworksBuildPhase section */
		A3DEAEB82B63F06D0099BD32 /* Frameworks */ = {
			isa = PBXFrameworksBuildPhase;
			buildActionMask = 2147483647;
			files = (
			);
			runOnlyForDeploymentPostprocessing = 0;
		};
		A3DEAEC92B63F06E0099BD32 /* Frameworks */ = {
			isa = PBXFrameworksBuildPhase;
			buildActionMask = 2147483647;
			files = (
			);
			runOnlyForDeploymentPostprocessing = 0;
		};
		A3DEAED32B63F06E0099BD32 /* Frameworks */ = {
			isa = PBXFrameworksBuildPhase;
			buildActionMask = 2147483647;
			files = (
			);
			runOnlyForDeploymentPostprocessing = 0;
		};
/* End PBXFrameworksBuildPhase section */

/* Begin PBXGroup section */
		A3DEAEB22B63F06D0099BD32 = {
			isa = PBXGroup;
			children = (
				A3DEAEBD2B63F06D0099BD32 /* metal-04-swiftui */,
				A3DEAECF2B63F06E0099BD32 /* metal-04-swiftuiTests */,
				A3DEAED92B63F06E0099BD32 /* metal-04-swiftuiUITests */,
				A3DEAEBC2B63F06D0099BD32 /* Products */,
			);
			sourceTree = "<group>";
		};
		A3DEAEBC2B63F06D0099BD32 /* Products */ = {
			isa = PBXGroup;
			children = (
				A3DEAEBB2B63F06D0099BD32 /* metal-04-swiftui.app */,
				A3DEAECC2B63F06E0099BD32 /* metal-04-swiftuiTests.xctest */,
				A3DEAED62B63F06E0099BD32 /* metal-04-swiftuiUITests.xctest */,
			);
			name = Products;
			sourceTree = "<group>";
		};
		A3DEAEBD2B63F06D0099BD32 /* metal-04-swiftui */ = {
			isa = PBXGroup;
			children = (
				A3DEAEBE2B63F06D0099BD32 /* metal_04_swiftuiApp.swift */,
				A3DEAEC02B63F06D0099BD32 /* ContentView.swift */,
				A3DEAEF52B6509DD0099BD32 /* MetalRenderer.swift */,
				A3DEAEFB2B6511EF0099BD32 /* Shaders.metal */,
				A3DEAEF72B650E480099BD32 /* Vertex.swift */,
				A3DEAEF32B6506D20099BD32 /* MetalView.swift */,
				A3DEAEC22B63F06D0099BD32 /* Assets.xcassets */,
				A3DEAEC42B63F06D0099BD32 /* metal_04_swiftui.entitlements */,
				A3DEAEC52B63F06D0099BD32 /* Preview Content */,
			);
			path = "metal-04-swiftui";
			sourceTree = "<group>";
		};
		A3DEAEC52B63F06D0099BD32 /* Preview Content */ = {
			isa = PBXGroup;
			children = (
				A3DEAEC62B63F06D0099BD32 /* Preview Assets.xcassets */,
			);
			path = "Preview Content";
			sourceTree = "<group>";
		};
		A3DEAECF2B63F06E0099BD32 /* metal-04-swiftuiTests */ = {
			isa = PBXGroup;
			children = (
				A3DEAED02B63F06E0099BD32 /* metal_04_swiftuiTests.swift */,
			);
			path = "metal-04-swiftuiTests";
			sourceTree = "<group>";
		};
		A3DEAED92B63F06E0099BD32 /* metal-04-swiftuiUITests */ = {
			isa = PBXGroup;
			children = (
				A3DEAEDA2B63F06E0099BD32 /* metal_04_swiftuiUITests.swift */,
				A3DEAEDC2B63F06E0099BD32 /* metal_04_swiftuiUITestsLaunchTests.swift */,
			);
			path = "metal-04-swiftuiUITests";
			sourceTree = "<group>";
		};
/* End PBXGroup section */

/* Begin PBXNativeTarget section */
		A3DEAEBA2B63F06D0099BD32 /* metal-04-swiftui */ = {
			isa = PBXNativeTarget;
			buildConfigurationList = A3DEAEE02B63F06E0099BD32 /* Build configuration list for PBXNativeTarget "metal-04-swiftui" */;
			buildPhases = (
				A3DEAEB72B63F06D0099BD32 /* Sources */,
				A3DEAEB82B63F06D0099BD32 /* Frameworks */,
				A3DEAEB92B63F06D0099BD32 /* Resources */,
			);
			buildRules = (
			);
			dependencies = (
			);
			name = "metal-04-swiftui";
			productName = "metal-04-swiftui";
			productReference = A3DEAEBB2B63F06D0099BD32 /* metal-04-swiftui.app */;
			productType = "com.apple.product-type.application";
		};
		A3DEAECB2B63F06E0099BD32 /* metal-04-swiftuiTests */ = {
			isa = PBXNativeTarget;
			buildConfigurationList = A3DEAEE32B63F06E0099BD32 /* Build configuration list for PBXNativeTarget "metal-04-swiftuiTests" */;
			buildPhases = (
				A3DEAEC82B63F06E0099BD32 /* Sources */,
				A3DEAEC92B63F06E0099BD32 /* Frameworks */,
				A3DEAECA2B63F06E0099BD32 /* Resources */,
			);
			buildRules = (
			);
			dependencies = (
				A3DEAECE2B63F06E0099BD32 /* PBXTargetDependency */,
			);
			name = "metal-04-swiftuiTests";
			productName = "metal-04-swiftuiTests";
			productReference = A3DEAECC2B63F06E0099BD32 /* metal-04-swiftuiTests.xctest */;
			productType = "com.apple.product-type.bundle.unit-test";
		};
		A3DEAED52B63F06E0099BD32 /* metal-04-swiftuiUITests */ = {
			isa = PBXNativeTarget;
			buildConfigurationList = A3DEAEE62B63F06E0099BD32 /* Build configuration list for PBXNativeTarget "metal-04-swiftuiUITests" */;
			buildPhases = (
				A3DEAED22B63F06E0099BD32 /* Sources */,
				A3DEAED32B63F06E0099BD32 /* Frameworks */,
				A3DEAED42B63F06E0099BD32 /* Resources */,
			);
			buildRules = (
			);
			dependencies = (
				A3DEAED82B63F06E0099BD32 /* PBXTargetDependency */,
			);
			name = "metal-04-swiftuiUITests";
			productName = "metal-04-swiftuiUITests";
			productReference = A3DEAED62B63F06E0099BD32 /* metal-04-swiftuiUITests.xctest */;
			productType = "com.apple.product-type.bundle.ui-testing";
		};
/* End PBXNativeTarget section */

/* Begin PBXProject section */
		A3DEAEB32B63F06D0099BD32 /* Project object */ = {
			isa = PBXProject;
			attributes = {
				BuildIndependentTargetsInParallel = 1;
				LastSwiftUpdateCheck = 1520;
				LastUpgradeCheck = 1520;
				TargetAttributes = {
					A3DEAEBA2B63F06D0099BD32 = {
						CreatedOnToolsVersion = 15.2;
					};
					A3DEAECB2B63F06E0099BD32 = {
						CreatedOnToolsVersion = 15.2;
						TestTargetID = A3DEAEBA2B63F06D0099BD32;
					};
					A3DEAED52B63F06E0099BD32 = {
						CreatedOnToolsVersion = 15.2;
						TestTargetID = A3DEAEBA2B63F06D0099BD32;
					};
				};
			};
			buildConfigurationList = A3DEAEB62B63F06D0099BD32 /* Build configuration list for PBXProject "metal-04-swiftui" */;
			compatibilityVersion = "Xcode 14.0";
			developmentRegion = en;
			hasScannedForEncodings = 0;
			knownRegions = (
				en,
				Base,
			);
			mainGroup = A3DEAEB22B63F06D0099BD32;
			productRefGroup = A3DEAEBC2B63F06D0099BD32 /* Products */;
			projectDirPath = "";
			projectRoot = "";
			targets = (
				A3DEAEBA2B63F06D0099BD32 /* metal-04-swiftui */,
				A3DEAECB2B63F06E0099BD32 /* metal-04-swiftuiTests */,
				A3DEAED52B63F06E0099BD32 /* metal-04-swiftuiUITests */,
			);
		};
/* End PBXProject section */

/* Begin PBXResourcesBuildPhase section */
		A3DEAEB92B63F06D0099BD32 /* Resources */ = {
			isa = PBXResourcesBuildPhase;
			buildActionMask = 2147483647;
			files = (
				A3DEAEC72B63F06D0099BD32 /* Preview Assets.xcassets in Resources */,
				A3DEAEC32B63F06D0099BD32 /* Assets.xcassets in Resources */,
			);
			runOnlyForDeploymentPostprocessing = 0;
		};
		A3DEAECA2B63F06E0099BD32 /* Resources */ = {
			isa = PBXResourcesBuildPhase;
			buildActionMask = 2147483647;
			files = (
			);
			runOnlyForDeploymentPostprocessing = 0;
		};
		A3DEAED42B63F06E0099BD32 /* Resources */ = {
			isa = PBXResourcesBuildPhase;
			buildActionMask = 2147483647;
			files = (
			);
			runOnlyForDeploymentPostprocessing = 0;
		};
/* End PBXResourcesBuildPhase section */

/* Begin PBXSourcesBuildPhase section */
		A3DEAEB72B63F06D0099BD32 /* Sources */ = {
			isa = PBXSourcesBuildPhase;
			buildActionMask = 2147483647;
			files = (
				A3DEAEFC2B6511EF0099BD32 /* Shaders.metal in Sources */,
				A3DEAEF62B6509DD0099BD32 /* MetalRenderer.swift in Sources */,
				A3DEAEF42B6506D20099BD32 /* MetalView.swift in Sources */,
				A3DEAEC12B63F06D0099BD32 /* ContentView.swift in Sources */,
				A3DEAEF82B650E480099BD32 /* Vertex.swift in Sources */,
				A3DEAEBF2B63F06D0099BD32 /* metal_04_swiftuiApp.swift in Sources */,
			);
			runOnlyForDeploymentPostprocessing = 0;
		};
		A3DEAEC82B63F06E0099BD32 /* Sources */ = {
			isa = PBXSourcesBuildPhase;
			buildActionMask = 2147483647;
			files = (
				A3DEAED12B63F06E0099BD32 /* metal_04_swiftuiTests.swift in Sources */,
			);
			runOnlyForDeploymentPostprocessing = 0;
		};
		A3DEAED22B63F06E0099BD32 /* Sources */ = {
			isa = PBXSourcesBuildPhase;
			buildActionMask = 2147483647;
			files = (
				A3DEAEDD2B63F06E0099BD32 /* metal_04_swiftuiUITestsLaunchTests.swift in Sources */,
				A3DEAEDB2B63F06E0099BD32 /* metal_04_swiftuiUITests.swift in Sources */,
			);
			runOnlyForDeploymentPostprocessing = 0;
		};
/* End PBXSourcesBuildPhase section */

/* Begin PBXTargetDependency section */
		A3DEAECE2B63F06E0099BD32 /* PBXTargetDependency */ = {
			isa = PBXTargetDependency;
			target = A3DEAEBA2B63F06D0099BD32 /* metal-04-swiftui */;
			targetProxy = A3DEAECD2B63F06E0099BD32 /* PBXContainerItemProxy */;
		};
		A3DEAED82B63F06E0099BD32 /* PBXTargetDependency */ = {
			isa = PBXTargetDependency;
			target = A3DEAEBA2B63F06D0099BD32 /* metal-04-swiftui */;
			targetProxy = A3DEAED72B63F06E0099BD32 /* PBXContainerItemProxy */;
		};
/* End PBXTargetDependency section */

/* Begin XCBuildConfiguration section */
		A3DEAEDE2B63F06E0099BD32 /* Debug */ = {
			isa = XCBuildConfiguration;
			buildSettings = {
				ALWAYS_SEARCH_USER_PATHS = NO;
				ASSETCATALOG_COMPILER_GENERATE_SWIFT_ASSET_SYMBOL_EXTENSIONS = YES;
				CLANG_ANALYZER_NONNULL = YES;
				CLANG_ANALYZER_NUMBER_OBJECT_CONVERSION = YES_AGGRESSIVE;
				CLANG_CXX_LANGUAGE_STANDARD = "gnu++20";
				CLANG_ENABLE_MODULES = YES;
				CLANG_ENABLE_OBJC_ARC = YES;
				CLANG_ENABLE_OBJC_WEAK = YES;
				CLANG_WARN_BLOCK_CAPTURE_AUTORELEASING = YES;
				CLANG_WARN_BOOL_CONVERSION = YES;
				CLANG_WARN_COMMA = YES;
				CLANG_WARN_CONSTANT_CONVERSION = YES;
				CLANG_WARN_DEPRECATED_OBJC_IMPLEMENTATIONS = YES;
				CLANG_WARN_DIRECT_OBJC_ISA_USAGE = YES_ERROR;
				CLANG_WARN_DOCUMENTATION_COMMENTS = YES;
				CLANG_WARN_EMPTY_BODY = YES;
				CLANG_WARN_ENUM_CONVERSION = YES;
				CLANG_WARN_INFINITE_RECURSION = YES;
				CLANG_WARN_INT_CONVERSION = YES;
				CLANG_WARN_NON_LITERAL_NULL_CONVERSION = YES;
				CLANG_WARN_OBJC_IMPLICIT_RETAIN_SELF = YES;
				CLANG_WARN_OBJC_LITERAL_CONVERSION = YES;
				CLANG_WARN_OBJC_ROOT_CLASS = YES_ERROR;
				CLANG_WARN_QUOTED_INCLUDE_IN_FRAMEWORK_HEADER = YES;
				CLANG_WARN_RANGE_LOOP_ANALYSIS = YES;
				CLANG_WARN_STRICT_PROTOTYPES = YES;
				CLANG_WARN_SUSPICIOUS_MOVE = YES;
				CLANG_WARN_UNGUARDED_AVAILABILITY = YES_AGGRESSIVE;
				CLANG_WARN_UNREACHABLE_CODE = YES;
				CLANG_WARN__DUPLICATE_METHOD_MATCH = YES;
				COPY_PHASE_STRIP = NO;
				DEBUG_INFORMATION_FORMAT = dwarf;
				ENABLE_STRICT_OBJC_MSGSEND = YES;
				ENABLE_TESTABILITY = YES;
				ENABLE_USER_SCRIPT_SANDBOXING = YES;
				GCC_C_LANGUAGE_STANDARD = gnu17;
				GCC_DYNAMIC_NO_PIC = NO;
				GCC_NO_COMMON_BLOCKS = YES;
				GCC_OPTIMIZATION_LEVEL = 0;
				GCC_PREPROCESSOR_DEFINITIONS = (
					"DEBUG=1",
					"$(inherited)",
				);
				GCC_WARN_64_TO_32_BIT_CONVERSION = YES;
				GCC_WARN_ABOUT_RETURN_TYPE = YES_ERROR;
				GCC_WARN_UNDECLARED_SELECTOR = YES;
				GCC_WARN_UNINITIALIZED_AUTOS = YES_AGGRESSIVE;
				GCC_WARN_UNUSED_FUNCTION = YES;
				GCC_WARN_UNUSED_VARIABLE = YES;
				LOCALIZATION_PREFERS_STRING_CATALOGS = YES;
				MTL_ENABLE_DEBUG_INFO = INCLUDE_SOURCE;
				MTL_FAST_MATH = YES;
				ONLY_ACTIVE_ARCH = YES;
				SWIFT_ACTIVE_COMPILATION_CONDITIONS = "DEBUG $(inherited)";
				SWIFT_OPTIMIZATION_LEVEL = "-Onone";
			};
			name = Debug;
		};
		A3DEAEDF2B63F06E0099BD32 /* Release */ = {
			isa = XCBuildConfiguration;
			buildSettings = {
				ALWAYS_SEARCH_USER_PATHS = NO;
				ASSETCATALOG_COMPILER_GENERATE_SWIFT_ASSET_SYMBOL_EXTENSIONS = YES;
				CLANG_ANALYZER_NONNULL = YES;
				CLANG_ANALYZER_NUMBER_OBJECT_CONVERSION = YES_AGGRESSIVE;
				CLANG_CXX_LANGUAGE_STANDARD = "gnu++20";
				CLANG_ENABLE_MODULES = YES;
				CLANG_ENABLE_OBJC_ARC = YES;
				CLANG_ENABLE_OBJC_WEAK = YES;
				CLANG_WARN_BLOCK_CAPTURE_AUTORELEASING = YES;
				CLANG_WARN_BOOL_CONVERSION = YES;
				CLANG_WARN_COMMA = YES;
				CLANG_WARN_CONSTANT_CONVERSION = YES;
				CLANG_WARN_DEPRECATED_OBJC_IMPLEMENTATIONS = YES;
				CLANG_WARN_DIRECT_OBJC_ISA_USAGE = YES_ERROR;
				CLANG_WARN_DOCUMENTATION_COMMENTS = YES;
				CLANG_WARN_EMPTY_BODY = YES;
				CLANG_WARN_ENUM_CONVERSION = YES;
				CLANG_WARN_INFINITE_RECURSION = YES;
				CLANG_WARN_INT_CONVERSION = YES;
				CLANG_WARN_NON_LITERAL_NULL_CONVERSION = YES;
				CLANG_WARN_OBJC_IMPLICIT_RETAIN_SELF = YES;
				CLANG_WARN_OBJC_LITERAL_CONVERSION = YES;
				CLANG_WARN_OBJC_ROOT_CLASS = YES_ERROR;
				CLANG_WARN_QUOTED_INCLUDE_IN_FRAMEWORK_HEADER = YES;
				CLANG_WARN_RANGE_LOOP_ANALYSIS = YES;
				CLANG_WARN_STRICT_PROTOTYPES = YES;
				CLANG_WARN_SUSPICIOUS_MOVE = YES;
				CLANG_WARN_UNGUARDED_AVAILABILITY = YES_AGGRESSIVE;
				CLANG_WARN_UNREACHABLE_CODE = YES;
				CLANG_WARN__DUPLICATE_METHOD_MATCH = YES;
				COPY_PHASE_STRIP = NO;
				DEBUG_INFORMATION_FORMAT = "dwarf-with-dsym";
				ENABLE_NS_ASSERTIONS = NO;
				ENABLE_STRICT_OBJC_MSGSEND = YES;
				ENABLE_USER_SCRIPT_SANDBOXING = YES;
				GCC_C_LANGUAGE_STANDARD = gnu17;
				GCC_NO_COMMON_BLOCKS = YES;
				GCC_WARN_64_TO_32_BIT_CONVERSION = YES;
				GCC_WARN_ABOUT_RETURN_TYPE = YES_ERROR;
				GCC_WARN_UNDECLARED_SELECTOR = YES;
				GCC_WARN_UNINITIALIZED_AUTOS = YES_AGGRESSIVE;
				GCC_WARN_UNUSED_FUNCTION = YES;
				GCC_WARN_UNUSED_VARIABLE = YES;
				LOCALIZATION_PREFERS_STRING_CATALOGS = YES;
				MTL_ENABLE_DEBUG_INFO = NO;
				MTL_FAST_MATH = YES;
				SWIFT_COMPILATION_MODE = wholemodule;
			};
			name = Release;
		};
		A3DEAEE12B63F06E0099BD32 /* Debug */ = {
			isa = XCBuildConfiguration;
			buildSettings = {
				ASSETCATALOG_COMPILER_APPICON_NAME = AppIcon;
				ASSETCATALOG_COMPILER_GLOBAL_ACCENT_COLOR_NAME = AccentColor;
				CODE_SIGN_ENTITLEMENTS = "metal-04-swiftui/metal_04_swiftui.entitlements";
				"CODE_SIGN_IDENTITY[sdk=macosx*]" = "-";
				CODE_SIGN_STYLE = Automatic;
				CURRENT_PROJECT_VERSION = 1;
				DEVELOPMENT_ASSET_PATHS = "\"metal-04-swiftui/Preview Content\"";
				ENABLE_PREVIEWS = YES;
				GENERATE_INFOPLIST_FILE = YES;
				"INFOPLIST_KEY_UIApplicationSceneManifest_Generation[sdk=iphoneos*]" = YES;
				"INFOPLIST_KEY_UIApplicationSceneManifest_Generation[sdk=iphonesimulator*]" = YES;
				"INFOPLIST_KEY_UIApplicationSupportsIndirectInputEvents[sdk=iphoneos*]" = YES;
				"INFOPLIST_KEY_UIApplicationSupportsIndirectInputEvents[sdk=iphonesimulator*]" = YES;
				"INFOPLIST_KEY_UILaunchScreen_Generation[sdk=iphoneos*]" = YES;
				"INFOPLIST_KEY_UILaunchScreen_Generation[sdk=iphonesimulator*]" = YES;
				"INFOPLIST_KEY_UIStatusBarStyle[sdk=iphoneos*]" = UIStatusBarStyleDefault;
				"INFOPLIST_KEY_UIStatusBarStyle[sdk=iphonesimulator*]" = UIStatusBarStyleDefault;
				INFOPLIST_KEY_UISupportedInterfaceOrientations_iPad = "UIInterfaceOrientationPortrait UIInterfaceOrientationPortraitUpsideDown UIInterfaceOrientationLandscapeLeft UIInterfaceOrientationLandscapeRight";
				INFOPLIST_KEY_UISupportedInterfaceOrientations_iPhone = "UIInterfaceOrientationPortrait UIInterfaceOrientationLandscapeLeft UIInterfaceOrientationLandscapeRight";
				IPHONEOS_DEPLOYMENT_TARGET = 17.2;
				LD_RUNPATH_SEARCH_PATHS = "@executable_path/Frameworks";
				"LD_RUNPATH_SEARCH_PATHS[sdk=macosx*]" = "@executable_path/../Frameworks";
				MACOSX_DEPLOYMENT_TARGET = 14.2;
				MARKETING_VERSION = 1.0;
				PRODUCT_BUNDLE_IDENTIFIER = "com.devmindscape.metal-04-swiftui";
				PRODUCT_NAME = "$(TARGET_NAME)";
				SDKROOT = auto;
				SUPPORTED_PLATFORMS = "iphoneos iphonesimulator macosx";
				SWIFT_EMIT_LOC_STRINGS = YES;
				SWIFT_VERSION = 5.0;
				TARGETED_DEVICE_FAMILY = "1,2";
			};
			name = Debug;
		};
		A3DEAEE22B63F06E0099BD32 /* Release */ = {
			isa = XCBuildConfiguration;
			buildSettings = {
				ASSETCATALOG_COMPILER_APPICON_NAME = AppIcon;
				ASSETCATALOG_COMPILER_GLOBAL_ACCENT_COLOR_NAME = AccentColor;
				CODE_SIGN_ENTITLEMENTS = "metal-04-swiftui/metal_04_swiftui.entitlements";
				"CODE_SIGN_IDENTITY[sdk=macosx*]" = "-";
				CODE_SIGN_STYLE = Automatic;
				CURRENT_PROJECT_VERSION = 1;
				DEVELOPMENT_ASSET_PATHS = "\"metal-04-swiftui/Preview Content\"";
				ENABLE_PREVIEWS = YES;
				GENERATE_INFOPLIST_FILE = YES;
				"INFOPLIST_KEY_UIApplicationSceneManifest_Generation[sdk=iphoneos*]" = YES;
				"INFOPLIST_KEY_UIApplicationSceneManifest_Generation[sdk=iphonesimulator*]" = YES;
				"INFOPLIST_KEY_UIApplicationSupportsIndirectInputEvents[sdk=iphoneos*]" = YES;
				"INFOPLIST_KEY_UIApplicationSupportsIndirectInputEvents[sdk=iphonesimulator*]" = YES;
				"INFOPLIST_KEY_UILaunchScreen_Generation[sdk=iphoneos*]" = YES;
				"INFOPLIST_KEY_UILaunchScreen_Generation[sdk=iphonesimulator*]" = YES;
				"INFOPLIST_KEY_UIStatusBarStyle[sdk=iphoneos*]" = UIStatusBarStyleDefault;
				"INFOPLIST_KEY_UIStatusBarStyle[sdk=iphonesimulator*]" = UIStatusBarStyleDefault;
				INFOPLIST_KEY_UISupportedInterfaceOrientations_iPad = "UIInterfaceOrientationPortrait UIInterfaceOrientationPortraitUpsideDown UIInterfaceOrientationLandscapeLeft UIInterfaceOrientationLandscapeRight";
				INFOPLIST_KEY_UISupportedInterfaceOrientations_iPhone = "UIInterfaceOrientationPortrait UIInterfaceOrientationLandscapeLeft UIInterfaceOrientationLandscapeRight";
				IPHONEOS_DEPLOYMENT_TARGET = 17.2;
				LD_RUNPATH_SEARCH_PATHS = "@executable_path/Frameworks";
				"LD_RUNPATH_SEARCH_PATHS[sdk=macosx*]" = "@executable_path/../Frameworks";
				MACOSX_DEPLOYMENT_TARGET = 14.2;
				MARKETING_VERSION = 1.0;
				PRODUCT_BUNDLE_IDENTIFIER = "com.devmindscape.metal-04-swiftui";
				PRODUCT_NAME = "$(TARGET_NAME)";
				SDKROOT = auto;
				SUPPORTED_PLATFORMS = "iphoneos iphonesimulator macosx";
				SWIFT_EMIT_LOC_STRINGS = YES;
				SWIFT_VERSION = 5.0;
				TARGETED_DEVICE_FAMILY = "1,2";
			};
			name = Release;
		};
		A3DEAEE42B63F06E0099BD32 /* Debug */ = {
			isa = XCBuildConfiguration;
			buildSettings = {
				ALWAYS_EMBED_SWIFT_STANDARD_LIBRARIES = YES;
				BUNDLE_LOADER = "$(TEST_HOST)";
				CODE_SIGN_STYLE = Automatic;
				CURRENT_PROJECT_VERSION = 1;
				GENERATE_INFOPLIST_FILE = YES;
				IPHONEOS_DEPLOYMENT_TARGET = 17.2;
				MACOSX_DEPLOYMENT_TARGET = 14.2;
				MARKETING_VERSION = 1.0;
				PRODUCT_BUNDLE_IDENTIFIER = "com.devmindscape.metal-04-swiftuiTests";
				PRODUCT_NAME = "$(TARGET_NAME)";
				SDKROOT = auto;
				SUPPORTED_PLATFORMS = "iphoneos iphonesimulator macosx";
				SWIFT_EMIT_LOC_STRINGS = NO;
				SWIFT_VERSION = 5.0;
				TARGETED_DEVICE_FAMILY = "1,2";
				TEST_HOST = "$(BUILT_PRODUCTS_DIR)/metal-04-swiftui.app/$(BUNDLE_EXECUTABLE_FOLDER_PATH)/metal-04-swiftui";
			};
			name = Debug;
		};
		A3DEAEE52B63F06E0099BD32 /* Release */ = {
			isa = XCBuildConfiguration;
			buildSettings = {
				ALWAYS_EMBED_SWIFT_STANDARD_LIBRARIES = YES;
				BUNDLE_LOADER = "$(TEST_HOST)";
				CODE_SIGN_STYLE = Automatic;
				CURRENT_PROJECT_VERSION = 1;
				GENERATE_INFOPLIST_FILE = YES;
				IPHONEOS_DEPLOYMENT_TARGET = 17.2;
				MACOSX_DEPLOYMENT_TARGET = 14.2;
				MARKETING_VERSION = 1.0;
				PRODUCT_BUNDLE_IDENTIFIER = "com.devmindscape.metal-04-swiftuiTests";
				PRODUCT_NAME = "$(TARGET_NAME)";
				SDKROOT = auto;
				SUPPORTED_PLATFORMS = "iphoneos iphonesimulator macosx";
				SWIFT_EMIT_LOC_STRINGS = NO;
				SWIFT_VERSION = 5.0;
				TARGETED_DEVICE_FAMILY = "1,2";
				TEST_HOST = "$(BUILT_PRODUCTS_DIR)/metal-04-swiftui.app/$(BUNDLE_EXECUTABLE_FOLDER_PATH)/metal-04-swiftui";
			};
			name = Release;
		};
		A3DEAEE72B63F06E0099BD32 /* Debug */ = {
			isa = XCBuildConfiguration;
			buildSettings = {
				ALWAYS_EMBED_SWIFT_STANDARD_LIBRARIES = YES;
				CODE_SIGN_STYLE = Automatic;
				CURRENT_PROJECT_VERSION = 1;
				GENERATE_INFOPLIST_FILE = YES;
				IPHONEOS_DEPLOYMENT_TARGET = 17.2;
				MACOSX_DEPLOYMENT_TARGET = 14.2;
				MARKETING_VERSION = 1.0;
				PRODUCT_BUNDLE_IDENTIFIER = "com.devmindscape.metal-04-swiftuiUITests";
				PRODUCT_NAME = "$(TARGET_NAME)";
				SDKROOT = auto;
				SUPPORTED_PLATFORMS = "iphoneos iphonesimulator macosx";
				SWIFT_EMIT_LOC_STRINGS = NO;
				SWIFT_VERSION = 5.0;
				TARGETED_DEVICE_FAMILY = "1,2";
				TEST_TARGET_NAME = "metal-04-swiftui";
			};
			name = Debug;
		};
		A3DEAEE82B63F06E0099BD32 /* Release */ = {
			isa = XCBuildConfiguration;
			buildSettings = {
				ALWAYS_EMBED_SWIFT_STANDARD_LIBRARIES = YES;
				CODE_SIGN_STYLE = Automatic;
				CURRENT_PROJECT_VERSION = 1;
				GENERATE_INFOPLIST_FILE = YES;
				IPHONEOS_DEPLOYMENT_TARGET = 17.2;
				MACOSX_DEPLOYMENT_TARGET = 14.2;
				MARKETING_VERSION = 1.0;
				PRODUCT_BUNDLE_IDENTIFIER = "com.devmindscape.metal-04-swiftuiUITests";
				PRODUCT_NAME = "$(TARGET_NAME)";
				SDKROOT = auto;
				SUPPORTED_PLATFORMS = "iphoneos iphonesimulator macosx";
				SWIFT_EMIT_LOC_STRINGS = NO;
				SWIFT_VERSION = 5.0;
				TARGETED_DEVICE_FAMILY = "1,2";
				TEST_TARGET_NAME = "metal-04-swiftui";
			};
			name = Release;
		};
/* End XCBuildConfiguration section */

/* Begin XCConfigurationList section */
		A3DEAEB62B63F06D0099BD32 /* Build configuration list for PBXProject "metal-04-swiftui" */ = {
			isa = XCConfigurationList;
			buildConfigurations = (
				A3DEAEDE2B63F06E0099BD32 /* Debug */,
				A3DEAEDF2B63F06E0099BD32 /* Release */,
			);
			defaultConfigurationIsVisible = 0;
			defaultConfigurationName = Release;
		};
		A3DEAEE02B63F06E0099BD32 /* Build configuration list for PBXNativeTarget "metal-04-swiftui" */ = {
			isa = XCConfigurationList;
			buildConfigurations = (
				A3DEAEE12B63F06E0099BD32 /* Debug */,
				A3DEAEE22B63F06E0099BD32 /* Release */,
			);
			defaultConfigurationIsVisible = 0;
			defaultConfigurationName = Release;
		};
		A3DEAEE32B63F06E0099BD32 /* Build configuration list for PBXNativeTarget "metal-04-swiftuiTests" */ = {
			isa = XCConfigurationList;
			buildConfigurations = (
				A3DEAEE42B63F06E0099BD32 /* Debug */,
				A3DEAEE52B63F06E0099BD32 /* Release */,
			);
			defaultConfigurationIsVisible = 0;
			defaultConfigurationName = Release;
		};
		A3DEAEE62B63F06E0099BD32 /* Build configuration list for PBXNativeTarget "metal-04-swiftuiUITests" */ = {
			isa = XCConfigurationList;
			buildConfigurations = (
				A3DEAEE72B63F06E0099BD32 /* Debug */,
				A3DEAEE82B63F06E0099BD32 /* Release */,
			);
			defaultConfigurationIsVisible = 0;
			defaultConfigurationName = Release;
		};
/* End XCConfigurationList section */
	};
	rootObject = A3DEAEB32B63F06D0099BD32 /* Project object */;
}
